// !$*UTF8*$!
{
	archiveVersion = 1;
	classes = {
	};
	objectVersion = 46;
	objects = {

/* Begin PBXBuildFile section */
		9F23ABB7182295ED0049D28D /* Foundation.framework in Frameworks */ = {isa = PBXBuildFile; fileRef = 9F23ABB6182295ED0049D28D /* Foundation.framework */; };
		9F23ABB9182295ED0049D28D /* CoreGraphics.framework in Frameworks */ = {isa = PBXBuildFile; fileRef = 9F23ABB8182295ED0049D28D /* CoreGraphics.framework */; };
		9F23ABBB182295ED0049D28D /* UIKit.framework in Frameworks */ = {isa = PBXBuildFile; fileRef = 9F23ABBA182295ED0049D28D /* UIKit.framework */; };
		9F23ABC1182295ED0049D28D /* InfoPlist.strings in Resources */ = {isa = PBXBuildFile; fileRef = 9F23ABBF182295ED0049D28D /* InfoPlist.strings */; };
		9F23ABC3182295ED0049D28D /* main.m in Sources */ = {isa = PBXBuildFile; fileRef = 9F23ABC2182295ED0049D28D /* main.m */; };
		9F23ABC7182295ED0049D28D /* AppDelegate.m in Sources */ = {isa = PBXBuildFile; fileRef = 9F23ABC6182295ED0049D28D /* AppDelegate.m */; };
		9F23ABCA182295ED0049D28D /* Main.storyboard in Resources */ = {isa = PBXBuildFile; fileRef = 9F23ABC8182295ED0049D28D /* Main.storyboard */; };
		9F23ABCD182295ED0049D28D /* ViewController.m in Sources */ = {isa = PBXBuildFile; fileRef = 9F23ABCC182295ED0049D28D /* ViewController.m */; };
		9F23ABCF182295EE0049D28D /* Images.xcassets in Resources */ = {isa = PBXBuildFile; fileRef = 9F23ABCE182295ED0049D28D /* Images.xcassets */; };
		9F23ABD6182295EE0049D28D /* XCTest.framework in Frameworks */ = {isa = PBXBuildFile; fileRef = 9F23ABD5182295EE0049D28D /* XCTest.framework */; };
		9F23ABD7182295EE0049D28D /* Foundation.framework in Frameworks */ = {isa = PBXBuildFile; fileRef = 9F23ABB6182295ED0049D28D /* Foundation.framework */; };
		9F23ABD8182295EE0049D28D /* UIKit.framework in Frameworks */ = {isa = PBXBuildFile; fileRef = 9F23ABBA182295ED0049D28D /* UIKit.framework */; };
		9F23ABE0182295EE0049D28D /* InfoPlist.strings in Resources */ = {isa = PBXBuildFile; fileRef = 9F23ABDE182295EE0049D28D /* InfoPlist.strings */; };
		9F23ABE2182295EE0049D28D /* SynapsoftQuizTests.m in Sources */ = {isa = PBXBuildFile; fileRef = 9F23ABE1182295EE0049D28D /* SynapsoftQuizTests.m */; };
		9F23ABED182296220049D28D /* AppSolution.m in Sources */ = {isa = PBXBuildFile; fileRef = 9F23ABEC182296220049D28D /* AppSolution.m */; };
/* End PBXBuildFile section */

/* Begin PBXContainerItemProxy section */
		9F23ABD9182295EE0049D28D /* PBXContainerItemProxy */ = {
			isa = PBXContainerItemProxy;
			containerPortal = 9F23ABAB182295ED0049D28D /* Project object */;
			proxyType = 1;
			remoteGlobalIDString = 9F23ABB2182295ED0049D28D;
			remoteInfo = SynapsoftQuiz;
		};
/* End PBXContainerItemProxy section */

/* Begin PBXFileReference section */
		9F23ABB3182295ED0049D28D /* SynapsoftQuiz.app */ = {isa = PBXFileReference; explicitFileType = wrapper.application; includeInIndex = 0; path = SynapsoftQuiz.app; sourceTree = BUILT_PRODUCTS_DIR; };
		9F23ABB6182295ED0049D28D /* Foundation.framework */ = {isa = PBXFileReference; lastKnownFileType = wrapper.framework; name = Foundation.framework; path = System/Library/Frameworks/Foundation.framework; sourceTree = SDKROOT; };
		9F23ABB8182295ED0049D28D /* CoreGraphics.framework */ = {isa = PBXFileReference; lastKnownFileType = wrapper.framework; name = CoreGraphics.framework; path = System/Library/Frameworks/CoreGraphics.framework; sourceTree = SDKROOT; };
		9F23ABBA182295ED0049D28D /* UIKit.framework */ = {isa = PBXFileReference; lastKnownFileType = wrapper.framework; name = UIKit.framework; path = System/Library/Frameworks/UIKit.framework; sourceTree = SDKROOT; };
		9F23ABBE182295ED0049D28D /* SynapsoftQuiz-Info.plist */ = {isa = PBXFileReference; lastKnownFileType = text.plist.xml; path = "SynapsoftQuiz-Info.plist"; sourceTree = "<group>"; };
		9F23ABC0182295ED0049D28D /* en */ = {isa = PBXFileReference; lastKnownFileType = text.plist.strings; name = en; path = en.lproj/InfoPlist.strings; sourceTree = "<group>"; };
		9F23ABC2182295ED0049D28D /* main.m */ = {isa = PBXFileReference; lastKnownFileType = sourcecode.c.objc; path = main.m; sourceTree = "<group>"; };
		9F23ABC4182295ED0049D28D /* SynapsoftQuiz-Prefix.pch */ = {isa = PBXFileReference; lastKnownFileType = sourcecode.c.h; path = "SynapsoftQuiz-Prefix.pch"; sourceTree = "<group>"; };
		9F23ABC5182295ED0049D28D /* AppDelegate.h */ = {isa = PBXFileReference; lastKnownFileType = sourcecode.c.h; path = AppDelegate.h; sourceTree = "<group>"; };
		9F23ABC6182295ED0049D28D /* AppDelegate.m */ = {isa = PBXFileReference; lastKnownFileType = sourcecode.c.objc; path = AppDelegate.m; sourceTree = "<group>"; };
		9F23ABC9182295ED0049D28D /* Base */ = {isa = PBXFileReference; lastKnownFileType = file.storyboard; name = Base; path = Base.lproj/Main.storyboard; sourceTree = "<group>"; };
		9F23ABCB182295ED0049D28D /* ViewController.h */ = {isa = PBXFileReference; lastKnownFileType = sourcecode.c.h; path = ViewController.h; sourceTree = "<group>"; };
		9F23ABCC182295ED0049D28D /* ViewController.m */ = {isa = PBXFileReference; lastKnownFileType = sourcecode.c.objc; path = ViewController.m; sourceTree = "<group>"; };
		9F23ABCE182295ED0049D28D /* Images.xcassets */ = {isa = PBXFileReference; lastKnownFileType = folder.assetcatalog; path = Images.xcassets; sourceTree = "<group>"; };
		9F23ABD4182295EE0049D28D /* SynapsoftQuizTests.xctest */ = {isa = PBXFileReference; explicitFileType = wrapper.cfbundle; includeInIndex = 0; path = SynapsoftQuizTests.xctest; sourceTree = BUILT_PRODUCTS_DIR; };
		9F23ABD5182295EE0049D28D /* XCTest.framework */ = {isa = PBXFileReference; lastKnownFileType = wrapper.framework; name = XCTest.framework; path = Library/Frameworks/XCTest.framework; sourceTree = DEVELOPER_DIR; };
		9F23ABDD182295EE0049D28D /* SynapsoftQuizTests-Info.plist */ = {isa = PBXFileReference; lastKnownFileType = text.plist.xml; path = "SynapsoftQuizTests-Info.plist"; sourceTree = "<group>"; };
		9F23ABDF182295EE0049D28D /* en */ = {isa = PBXFileReference; lastKnownFileType = text.plist.strings; name = en; path = en.lproj/InfoPlist.strings; sourceTree = "<group>"; };
		9F23ABE1182295EE0049D28D /* SynapsoftQuizTests.m */ = {isa = PBXFileReference; lastKnownFileType = sourcecode.c.objc; path = SynapsoftQuizTests.m; sourceTree = "<group>"; };
		9F23ABEB182296220049D28D /* AppSolution.h */ = {isa = PBXFileReference; fileEncoding = 4; lastKnownFileType = sourcecode.c.h; path = AppSolution.h; sourceTree = "<group>"; };
		9F23ABEC182296220049D28D /* AppSolution.m */ = {isa = PBXFileReference; fileEncoding = 4; lastKnownFileType = sourcecode.c.objc; path = AppSolution.m; sourceTree = "<group>"; };
/* End PBXFileReference section */

/* Begin PBXFrameworksBuildPhase section */
		9F23ABB0182295ED0049D28D /* Frameworks */ = {
			isa = PBXFrameworksBuildPhase;
			buildActionMask = 2147483647;
			files = (
				9F23ABB9182295ED0049D28D /* CoreGraphics.framework in Frameworks */,
				9F23ABBB182295ED0049D28D /* UIKit.framework in Frameworks */,
				9F23ABB7182295ED0049D28D /* Foundation.framework in Frameworks */,
			);
			runOnlyForDeploymentPostprocessing = 0;
		};
		9F23ABD1182295EE0049D28D /* Frameworks */ = {
			isa = PBXFrameworksBuildPhase;
			buildActionMask = 2147483647;
			files = (
				9F23ABD6182295EE0049D28D /* XCTest.framework in Frameworks */,
				9F23ABD8182295EE0049D28D /* UIKit.framework in Frameworks */,
				9F23ABD7182295EE0049D28D /* Foundation.framework in Frameworks */,
			);
			runOnlyForDeploymentPostprocessing = 0;
		};
/* End PBXFrameworksBuildPhase section */

/* Begin PBXGroup section */
		9F23ABAA182295ED0049D28D = {
			isa = PBXGroup;
			children = (
				9F23ABBC182295ED0049D28D /* SynapsoftQuiz */,
				9F23ABDB182295EE0049D28D /* SynapsoftQuizTests */,
				9F23ABB5182295ED0049D28D /* Frameworks */,
				9F23ABB4182295ED0049D28D /* Products */,
			);
			sourceTree = "<group>";
		};
		9F23ABB4182295ED0049D28D /* Products */ = {
			isa = PBXGroup;
			children = (
				9F23ABB3182295ED0049D28D /* SynapsoftQuiz.app */,
				9F23ABD4182295EE0049D28D /* SynapsoftQuizTests.xctest */,
			);
			name = Products;
			sourceTree = "<group>";
		};
		9F23ABB5182295ED0049D28D /* Frameworks */ = {
			isa = PBXGroup;
			children = (
				9F23ABB6182295ED0049D28D /* Foundation.framework */,
				9F23ABB8182295ED0049D28D /* CoreGraphics.framework */,
				9F23ABBA182295ED0049D28D /* UIKit.framework */,
				9F23ABD5182295EE0049D28D /* XCTest.framework */,
			);
			name = Frameworks;
			sourceTree = "<group>";
		};
		9F23ABBC182295ED0049D28D /* SynapsoftQuiz */ = {
			isa = PBXGroup;
			children = (
				9F23ABC5182295ED0049D28D /* AppDelegate.h */,
				9F23ABC6182295ED0049D28D /* AppDelegate.m */,
				9F23ABEB182296220049D28D /* AppSolution.h */,
				9F23ABEC182296220049D28D /* AppSolution.m */,
				9F23ABC8182295ED0049D28D /* Main.storyboard */,
				9F23ABCB182295ED0049D28D /* ViewController.h */,
				9F23ABCC182295ED0049D28D /* ViewController.m */,
				9F23ABCE182295ED0049D28D /* Images.xcassets */,
				9F23ABBD182295ED0049D28D /* Supporting Files */,
			);
			path = SynapsoftQuiz;
			sourceTree = "<group>";
		};
		9F23ABBD182295ED0049D28D /* Supporting Files */ = {
			isa = PBXGroup;
			children = (
				9F23ABBE182295ED0049D28D /* SynapsoftQuiz-Info.plist */,
				9F23ABBF182295ED0049D28D /* InfoPlist.strings */,
				9F23ABC2182295ED0049D28D /* main.m */,
				9F23ABC4182295ED0049D28D /* SynapsoftQuiz-Prefix.pch */,
			);
			name = "Supporting Files";
			sourceTree = "<group>";
		};
		9F23ABDB182295EE0049D28D /* SynapsoftQuizTests */ = {
			isa = PBXGroup;
			children = (
				9F23ABE1182295EE0049D28D /* SynapsoftQuizTests.m */,
				9F23ABDC182295EE0049D28D /* Supporting Files */,
			);
			path = SynapsoftQuizTests;
			sourceTree = "<group>";
		};
		9F23ABDC182295EE0049D28D /* Supporting Files */ = {
			isa = PBXGroup;
			children = (
				9F23ABDD182295EE0049D28D /* SynapsoftQuizTests-Info.plist */,
				9F23ABDE182295EE0049D28D /* InfoPlist.strings */,
			);
			name = "Supporting Files";
			sourceTree = "<group>";
		};
/* End PBXGroup section */

/* Begin PBXNativeTarget section */
		9F23ABB2182295ED0049D28D /* SynapsoftQuiz */ = {
			isa = PBXNativeTarget;
			buildConfigurationList = 9F23ABE5182295EE0049D28D /* Build configuration list for PBXNativeTarget "SynapsoftQuiz" */;
			buildPhases = (
				9F23ABAF182295ED0049D28D /* Sources */,
				9F23ABB0182295ED0049D28D /* Frameworks */,
				9F23ABB1182295ED0049D28D /* Resources */,
			);
			buildRules = (
			);
			dependencies = (
			);
			name = SynapsoftQuiz;
			productName = SynapsoftQuiz;
			productReference = 9F23ABB3182295ED0049D28D /* SynapsoftQuiz.app */;
			productType = "com.apple.product-type.application";
		};
		9F23ABD3182295EE0049D28D /* SynapsoftQuizTests */ = {
			isa = PBXNativeTarget;
			buildConfigurationList = 9F23ABE8182295EE0049D28D /* Build configuration list for PBXNativeTarget "SynapsoftQuizTests" */;
			buildPhases = (
				9F23ABD0182295EE0049D28D /* Sources */,
				9F23ABD1182295EE0049D28D /* Frameworks */,
				9F23ABD2182295EE0049D28D /* Resources */,
			);
			buildRules = (
			);
			dependencies = (
				9F23ABDA182295EE0049D28D /* PBXTargetDependency */,
			);
			name = SynapsoftQuizTests;
			productName = SynapsoftQuizTests;
			productReference = 9F23ABD4182295EE0049D28D /* SynapsoftQuizTests.xctest */;
			productType = "com.apple.product-type.bundle.unit-test";
		};
/* End PBXNativeTarget section */

/* Begin PBXProject section */
		9F23ABAB182295ED0049D28D /* Project object */ = {
			isa = PBXProject;
			attributes = {
				LastUpgradeCheck = 0500;
				ORGANIZATIONNAME = "Kabkee Moon";
				TargetAttributes = {
					9F23ABD3182295EE0049D28D = {
						TestTargetID = 9F23ABB2182295ED0049D28D;
					};
				};
			};
			buildConfigurationList = 9F23ABAE182295ED0049D28D /* Build configuration list for PBXProject "SynapsoftQuiz" */;
			compatibilityVersion = "Xcode 3.2";
			developmentRegion = English;
			hasScannedForEncodings = 0;
			knownRegions = (
				en,
				Base,
			);
			mainGroup = 9F23ABAA182295ED0049D28D;
			productRefGroup = 9F23ABB4182295ED0049D28D /* Products */;
			projectDirPath = "";
			projectRoot = "";
			targets = (
				9F23ABB2182295ED0049D28D /* SynapsoftQuiz */,
				9F23ABD3182295EE0049D28D /* SynapsoftQuizTests */,
			);
		};
/* End PBXProject section */

/* Begin PBXResourcesBuildPhase section */
		9F23ABB1182295ED0049D28D /* Resources */ = {
			isa = PBXResourcesBuildPhase;
			buildActionMask = 2147483647;
			files = (
				9F23ABCF182295EE0049D28D /* Images.xcassets in Resources */,
				9F23ABC1182295ED0049D28D /* InfoPlist.strings in Resources */,
				9F23ABCA182295ED0049D28D /* Main.storyboard in Resources */,
			);
			runOnlyForDeploymentPostprocessing = 0;
		};
		9F23ABD2182295EE0049D28D /* Resources */ = {
			isa = PBXResourcesBuildPhase;
			buildActionMask = 2147483647;
			files = (
				9F23ABE0182295EE0049D28D /* InfoPlist.strings in Resources */,
			);
			runOnlyForDeploymentPostprocessing = 0;
		};
/* End PBXResourcesBuildPhase section */

/* Begin PBXSourcesBuildPhase section */
		9F23ABAF182295ED0049D28D /* Sources */ = {
			isa = PBXSourcesBuildPhase;
			buildActionMask = 2147483647;
			files = (
				9F23ABCD182295ED0049D28D /* ViewController.m in Sources */,
				9F23ABC7182295ED0049D28D /* AppDelegate.m in Sources */,
				9F23ABED182296220049D28D /* AppSolution.m in Sources */,
				9F23ABC3182295ED0049D28D /* main.m in Sources */,
			);
			runOnlyForDeploymentPostprocessing = 0;
		};
		9F23ABD0182295EE0049D28D /* Sources */ = {
			isa = PBXSourcesBuildPhase;
			buildActionMask = 2147483647;
			files = (
				9F23ABE2182295EE0049D28D /* SynapsoftQuizTests.m in Sources */,
			);
			runOnlyForDeploymentPostprocessing = 0;
		};
/* End PBXSourcesBuildPhase section */

/* Begin PBXTargetDependency section */
		9F23ABDA182295EE0049D28D /* PBXTargetDependency */ = {
			isa = PBXTargetDependency;
			target = 9F23ABB2182295ED0049D28D /* SynapsoftQuiz */;
			targetProxy = 9F23ABD9182295EE0049D28D /* PBXContainerItemProxy */;
		};
/* End PBXTargetDependency section */

/* Begin PBXVariantGroup section */
		9F23ABBF182295ED0049D28D /* InfoPlist.strings */ = {
			isa = PBXVariantGroup;
			children = (
				9F23ABC0182295ED0049D28D /* en */,
			);
			name = InfoPlist.strings;
			sourceTree = "<group>";
		};
		9F23ABC8182295ED0049D28D /* Main.storyboard */ = {
			isa = PBXVariantGroup;
			children = (
				9F23ABC9182295ED0049D28D /* Base */,
			);
			name = Main.storyboard;
			sourceTree = "<group>";
		};
		9F23ABDE182295EE0049D28D /* InfoPlist.strings */ = {
			isa = PBXVariantGroup;
			children = (
				9F23ABDF182295EE0049D28D /* en */,
			);
			name = InfoPlist.strings;
			sourceTree = "<group>";
		};
/* End PBXVariantGroup section */

/* Begin XCBuildConfiguration section */
		9F23ABE3182295EE0049D28D /* Debug */ = {
			isa = XCBuildConfiguration;
			buildSettings = {
				ALWAYS_SEARCH_USER_PATHS = NO;
				ARCHS = "$(ARCHS_STANDARD_INCLUDING_64_BIT)";
				CLANG_CXX_LANGUAGE_STANDARD = "gnu++0x";
				CLANG_CXX_LIBRARY = "libc++";
				CLANG_ENABLE_MODULES = YES;
				CLANG_ENABLE_OBJC_ARC = YES;
				CLANG_WARN_BOOL_CONVERSION = YES;
				CLANG_WARN_CONSTANT_CONVERSION = YES;
				CLANG_WARN_DIRECT_OBJC_ISA_USAGE = YES_ERROR;
				CLANG_WARN_EMPTY_BODY = YES;
				CLANG_WARN_ENUM_CONVERSION = YES;
				CLANG_WARN_INT_CONVERSION = YES;
				CLANG_WARN_OBJC_ROOT_CLASS = YES_ERROR;
				CLANG_WARN__DUPLICATE_METHOD_MATCH = YES;
				"CODE_SIGN_IDENTITY[sdk=iphoneos*]" = "iPhone Developer";
				COPY_PHASE_STRIP = NO;
				GCC_C_LANGUAGE_STANDARD = gnu99;
				GCC_DYNAMIC_NO_PIC = NO;
				GCC_OPTIMIZATION_LEVEL = 0;
				GCC_PREPROCESSOR_DEFINITIONS = (
					"DEBUG=1",
					"$(inherited)",
				);
				GCC_SYMBOLS_PRIVATE_EXTERN = NO;
				GCC_WARN_64_TO_32_BIT_CONVERSION = YES;
				GCC_WARN_ABOUT_RETURN_TYPE = YES_ERROR;
				GCC_WARN_UNDECLARED_SELECTOR = YES;
				GCC_WARN_UNINITIALIZED_AUTOS = YES;
				GCC_WARN_UNUSED_FUNCTION = YES;
				GCC_WARN_UNUSED_VARIABLE = YES;
				IPHONEOS_DEPLOYMENT_TARGET = 7.0;
				ONLY_ACTIVE_ARCH = YES;
				SDKROOT = iphoneos;
			};
			name = Debug;
		};
		9F23ABE4182295EE0049D28D /* Release */ = {
			isa = XCBuildConfiguration;
			buildSettings = {
				ALWAYS_SEARCH_USER_PATHS = NO;
				ARCHS = "$(ARCHS_STANDARD_INCLUDING_64_BIT)";
				CLANG_CXX_LANGUAGE_STANDARD = "gnu++0x";
				CLANG_CXX_LIBRARY = "libc++";
				CLANG_ENABLE_MODULES = YES;
				CLANG_ENABLE_OBJC_ARC = YES;
				CLANG_WARN_BOOL_CONVERSION = YES;
				CLANG_WARN_CONSTANT_CONVERSION = YES;
				CLANG_WARN_DIRECT_OBJC_ISA_USAGE = YES_ERROR;
				CLANG_WARN_EMPTY_BODY = YES;
				CLANG_WARN_ENUM_CONVERSION = YES;
				CLANG_WARN_INT_CONVERSION = YES;
				CLANG_WARN_OBJC_ROOT_CLASS = YES_ERROR;
				CLANG_WARN__DUPLICATE_METHOD_MATCH = YES;
				"CODE_SIGN_IDENTITY[sdk=iphoneos*]" = "iPhone Developer";
				COPY_PHASE_STRIP = YES;
				ENABLE_NS_ASSERTIONS = NO;
				GCC_C_LANGUAGE_STANDARD = gnu99;
				GCC_WARN_64_TO_32_BIT_CONVERSION = YES;
				GCC_WARN_ABOUT_RETURN_TYPE = YES_ERROR;
				GCC_WARN_UNDECLARED_SELECTOR = YES;
				GCC_WARN_UNINITIALIZED_AUTOS = YES;
				GCC_WARN_UNUSED_FUNCTION = YES;
				GCC_WARN_UNUSED_VARIABLE = YES;
				IPHONEOS_DEPLOYMENT_TARGET = 7.0;
				SDKROOT = iphoneos;
				VALIDATE_PRODUCT = YES;
			};
			name = Release;
		};
		9F23ABE6182295EE0049D28D /* Debug */ = {
			isa = XCBuildConfiguration;
			buildSettings = {
				ASSETCATALOG_COMPILER_APPICON_NAME = AppIcon;
				ASSETCATALOG_COMPILER_LAUNCHIMAGE_NAME = LaunchImage;
				GCC_PRECOMPILE_PREFIX_HEADER = YES;
				GCC_PREFIX_HEADER = "SynapsoftQuiz/SynapsoftQuiz-Prefix.pch";
				INFOPLIST_FILE = "SynapsoftQuiz/SynapsoftQuiz-Info.plist";
				PRODUCT_NAME = "$(TARGET_NAME)";
				WRAPPER_EXTENSION = app;
			};
			name = Debug;
		};
		9F23ABE7182295EE0049D28D /* Release */ = {
			isa = XCBuildConfiguration;
			buildSettings = {
				ASSETCATALOG_COMPILER_APPICON_NAME = AppIcon;
				ASSETCATALOG_COMPILER_LAUNCHIMAGE_NAME = LaunchImage;
				GCC_PRECOMPILE_PREFIX_HEADER = YES;
				GCC_PREFIX_HEADER = "SynapsoftQuiz/SynapsoftQuiz-Prefix.pch";
				INFOPLIST_FILE = "SynapsoftQuiz/SynapsoftQuiz-Info.plist";
				PRODUCT_NAME = "$(TARGET_NAME)";
				WRAPPER_EXTENSION = app;
			};
			name = Release;
		};
		9F23ABE9182295EE0049D28D /* Debug */ = {
			isa = XCBuildConfiguration;
			buildSettings = {
				ARCHS = "$(ARCHS_STANDARD_INCLUDING_64_BIT)";
				BUNDLE_LOADER = "$(BUILT_PRODUCTS_DIR)/SynapsoftQuiz.app/SynapsoftQuiz";
				FRAMEWORK_SEARCH_PATHS = (
					"$(SDKROOT)/Developer/Library/Frameworks",
					"$(inherited)",
					"$(DEVELOPER_FRAMEWORKS_DIR)",
				);
				GCC_PRECOMPILE_PREFIX_HEADER = YES;
				GCC_PREFIX_HEADER = "SynapsoftQuiz/SynapsoftQuiz-Prefix.pch";
				GCC_PREPROCESSOR_DEFINITIONS = (
					"DEBUG=1",
					"$(inherited)",
				);
				INFOPLIST_FILE = "SynapsoftQuizTests/SynapsoftQuizTests-Info.plist";
				PRODUCT_NAME = "$(TARGET_NAME)";
				TEST_HOST = "$(BUNDLE_LOADER)";
				WRAPPER_EXTENSION = xctest;
			};
			name = Debug;
		};
		9F23ABEA182295EE0049D28D /* Release */ = {
			isa = XCBuildConfiguration;
			buildSettings = {
				ARCHS = "$(ARCHS_STANDARD_INCLUDING_64_BIT)";
				BUNDLE_LOADER = "$(BUILT_PRODUCTS_DIR)/SynapsoftQuiz.app/SynapsoftQuiz";
				FRAMEWORK_SEARCH_PATHS = (
					"$(SDKROOT)/Developer/Library/Frameworks",
					"$(inherited)",
					"$(DEVELOPER_FRAMEWORKS_DIR)",
				);
				GCC_PRECOMPILE_PREFIX_HEADER = YES;
				GCC_PREFIX_HEADER = "SynapsoftQuiz/SynapsoftQuiz-Prefix.pch";
				INFOPLIST_FILE = "SynapsoftQuizTests/SynapsoftQuizTests-Info.plist";
				PRODUCT_NAME = "$(TARGET_NAME)";
				TEST_HOST = "$(BUNDLE_LOADER)";
				WRAPPER_EXTENSION = xctest;
			};
			name = Release;
		};
/* End XCBuildConfiguration section */

/* Begin XCConfigurationList section */
		9F23ABAE182295ED0049D28D /* Build configuration list for PBXProject "SynapsoftQuiz" */ = {
			isa = XCConfigurationList;
			buildConfigurations = (
				9F23ABE3182295EE0049D28D /* Debug */,
				9F23ABE4182295EE0049D28D /* Release */,
			);
			defaultConfigurationIsVisible = 0;
			defaultConfigurationName = Release;
		};
		9F23ABE5182295EE0049D28D /* Build configuration list for PBXNativeTarget "SynapsoftQuiz" */ = {
			isa = XCConfigurationList;
			buildConfigurations = (
				9F23ABE6182295EE0049D28D /* Debug */,
				9F23ABE7182295EE0049D28D /* Release */,
			);
			defaultConfigurationIsVisible = 0;
			defaultConfigurationName = Release;
		};
		9F23ABE8182295EE0049D28D /* Build configuration list for PBXNativeTarget "SynapsoftQuizTests" */ = {
			isa = XCConfigurationList;
			buildConfigurations = (
				9F23ABE9182295EE0049D28D /* Debug */,
				9F23ABEA182295EE0049D28D /* Release */,
			);
			defaultConfigurationIsVisible = 0;
			defaultConfigurationName = Release;
		};
/* End XCConfigurationList section */
	};
	rootObject = 9F23ABAB182295ED0049D28D /* Project object */;
}
